
Microsoft Visual Studio Solution File, Format Version 12.00
# Visual Studio Version 17
VisualStudioVersion = 17.8.34511.84
MinimumVisualStudioVersion = 10.0.40219.1
Project("{FAE04EC0-301F-11D3-BF4B-00C04F79EFBC}") = "NADECO", "NADECO.csproj", "{0B7B4B8E-E130-4831-AAEE-1E0E32EF641D}"
EndProject
Project("{FAE04EC0-301F-11D3-BF4B-00C04F79EFBC}") = "DataLibrary", "DataLibrary\DataLibrary.csproj", "{8AC67D6F-732B-44BE-B2EA-E0B1DE97AAB8}"
EndProject
Global
	GlobalSection(SolutionConfigurationPlatforms) = preSolution
		Debug|Any CPU = Debug|Any CPU
		Release|Any CPU = Release|Any CPU
	EndGlobalSection
	GlobalSection(ProjectConfigurationPlatforms) = postSolution
		{0B7B4B8E-E130-4831-AAEE-1E0E32EF641D}.Debug|Any CPU.ActiveCfg = Debug|Any CPU
		{0B7B4B8E-E130-4831-AAEE-1E0E32EF641D}.Debug|Any CPU.Build.0 = Debug|Any CPU
		{0B7B4B8E-E130-4831-AAEE-1E0E32EF641D}.Release|Any CPU.ActiveCfg = Release|Any CPU
		{0B7B4B8E-E130-4831-AAEE-1E0E32EF641D}.Release|Any CPU.Build.0 = Release|Any CPU
		{8AC67D6F-732B-44BE-B2EA-E0B1DE97AAB8}.Debug|Any CPU.ActiveCfg = Debug|Any CPU
		{8AC67D6F-732B-44BE-B2EA-E0B1DE97AAB8}.Debug|Any CPU.Build.0 = Debug|Any CPU
		{8AC67D6F-732B-44BE-B2EA-E0B1DE97AAB8}.Release|Any CPU.ActiveCfg = Release|Any CPU
		{8AC67D6F-732B-44BE-B2EA-E0B1DE97AAB8}.Release|Any CPU.Build.0 = Release|Any CPU
	EndGlobalSection
	GlobalSection(SolutionProperties) = preSolution
		HideSolutionNode = FALSE
	EndGlobalSection
	GlobalSection(ExtensibilityGlobals) = postSolution
		SolutionGuid = {782F565A-204A-41C0-9320-E53479BB2C56}
	EndGlobalSection
EndGlobal
